
Microsoft Visual Studio Solution File, Format Version 12.00
# Visual Studio Version 17
VisualStudioVersion = 17.6.33829.357
MinimumVisualStudioVersion = 10.0.40219.1
Project("{FAE04EC0-301F-11D3-BF4B-00C04F79EFBC}") = "ComputerAverageApp", "ComputerAverageApp\ComputerAverageApp.csproj", "{FFE035E8-4164-475E-A4F7-9A35EF6564A0}"
EndProject
Global
	GlobalSection(SolutionConfigurationPlatforms) = preSolution
		Debug|Any CPU = Debug|Any CPU
		Release|Any CPU = Release|Any CPU
	EndGlobalSection
	GlobalSection(ProjectConfigurationPlatforms) = postSolution
		{FFE035E8-4164-475E-A4F7-9A35EF6564A0}.Debug|Any CPU.ActiveCfg = Debug|Any CPU
		{FFE035E8-4164-475E-A4F7-9A35EF6564A0}.Debug|Any CPU.Build.0 = Debug|Any CPU
		{FFE035E8-4164-475E-A4F7-9A35EF6564A0}.Release|Any CPU.ActiveCfg = Release|Any CPU
		{FFE035E8-4164-475E-A4F7-9A35EF6564A0}.Release|Any CPU.Build.0 = Release|Any CPU
	EndGlobalSection
	GlobalSection(SolutionProperties) = preSolution
		HideSolutionNode = FALSE
	EndGlobalSection
	GlobalSection(ExtensibilityGlobals) = postSolution
		SolutionGuid = {F0B4EC7D-CEE3-4327-AF11-B7ACCBEADD75}
	EndGlobalSection
EndGlobal
